
Microsoft Visual Studio Solution File, Format Version 12.00
# Visual Studio Version 17
VisualStudioVersion = 17.5.2.0
MinimumVisualStudioVersion = 10.0.40219.1
Project("{FAE04EC0-301F-11D3-BF4B-00C04F79EFBC}") = "ApexBooking.Core.Application", "ApexBooking.Core.Application\ApexBooking.Core.Application.csproj", "{664B45D3-B99D-84A7-043B-D69DA77722DC}"
EndProject
Project("{FAE04EC0-301F-11D3-BF4B-00C04F79EFBC}") = "ApexBooking.Core.Domain", "ApexBooking.Core.Domain\ApexBooking.Core.Domain.csproj", "{45C74D51-C830-B4A1-20FD-EF7A7A374B90}"
EndProject
Project("{FAE04EC0-301F-11D3-BF4B-00C04F79EFBC}") = "ApexBooking.Core.Persistence", "ApexBooking.Core.Persistence\ApexBooking.Core.Persistence.csproj", "{9AC1083C-BA79-9F5F-3268-AEA49BCC0921}"
EndProject
Project("{FAE04EC0-301F-11D3-BF4B-00C04F79EFBC}") = "ApexBooking.WebApi", "ApexBooking.WebApi\ApexBooking.WebApi.csproj", "{BADF197F-9B73-615B-F33B-FB0C7506C043}"
EndProject
Project("{FAE04EC0-301F-11D3-BF4B-00C04F79EFBC}") = "ApexBooking.Infrastructure", "ApexBooking.Infrastructure\ApexBooking.Infrastructure.csproj", "{D8F4A1B2-3C7D-4E5F-6A9B-7C8D9E0F1A2B}"
EndProject
Project("{2150E333-8FDC-42A3-9474-1A3956D46DE8}") = "Framework.Core", "Framework.Core", "{C6B30BB3-0425-D0E4-39CC-0D5A28039110}"
EndProject
Project("{2150E333-8FDC-42A3-9474-1A3956D46DE8}") = "SharedKernel", "SharedKernel", "{EEE141F8-BB88-77BF-EA7E-96A46E2EA437}"
EndProject
Project("{FAE04EC0-301F-11D3-BF4B-00C04F79EFBC}") = "ApexBooking.SharedKernel", "Framework.Core\SharedKernel\ApexBooking.SharedKernel.csproj", "{0122BF3E-D5C0-44B1-BD5F-A7F12488442F}"
EndProject
Project("{2150E333-8FDC-42A3-9474-1A3956D46DE8}") = "GenericRepository", "GenericRepository", "{0030AB99-D9C9-803A-7CCD-0D7BAF450801}"
EndProject
Project("{FAE04EC0-301F-11D3-BF4B-00C04F79EFBC}") = "ApexBooking.GenericRepository.Abstractions", "Framework.Core\GenericRepository\ApexBooking.GenericRepository.Abstractions.csproj", "{F9A19FFC-41A1-4BB5-9C67-2B9F83803015}"
EndProject
Project("{2150E333-8FDC-42A3-9474-1A3956D46DE8}") = "GenericRepositoryEntityFramework", "GenericRepositoryEntityFramework", "{954F10A7-94A5-37AA-0047-A66FF084C121}"
EndProject
Project("{FAE04EC0-301F-11D3-BF4B-00C04F79EFBC}") = "ApexBooking.GenericRepository.EntityFramework", "Framework.Core\GenericRepositoryEntityFramework\ApexBooking.GenericRepository.EntityFramework.csproj", "{7C4240DB-2B93-460E-A6A4-4F7623936840}"
EndProject
Global
	GlobalSection(SolutionConfigurationPlatforms) = preSolution
		Debug|Any CPU = Debug|Any CPU
		Debug|x64 = Debug|x64
		Debug|x86 = Debug|x86
		Release|Any CPU = Release|Any CPU
		Release|x64 = Release|x64
		Release|x86 = Release|x86
	EndGlobalSection
	GlobalSection(ProjectConfigurationPlatforms) = postSolution
		{664B45D3-B99D-84A7-043B-D69DA77722DC}.Debug|Any CPU.ActiveCfg = Debug|Any CPU
		{664B45D3-B99D-84A7-043B-D69DA77722DC}.Debug|Any CPU.Build.0 = Debug|Any CPU
		{664B45D3-B99D-84A7-043B-D69DA77722DC}.Debug|x64.ActiveCfg = Debug|Any CPU
		{664B45D3-B99D-84A7-043B-D69DA77722DC}.Debug|x64.Build.0 = Debug|Any CPU
		{664B45D3-B99D-84A7-043B-D69DA77722DC}.Debug|x86.ActiveCfg = Debug|Any CPU
		{664B45D3-B99D-84A7-043B-D69DA77722DC}.Debug|x86.Build.0 = Debug|Any CPU
		{664B45D3-B99D-84A7-043B-D69DA77722DC}.Release|Any CPU.ActiveCfg = Release|Any CPU
		{664B45D3-B99D-84A7-043B-D69DA77722DC}.Release|Any CPU.Build.0 = Release|Any CPU
		{664B45D3-B99D-84A7-043B-D69DA77722DC}.Release|x64.ActiveCfg = Release|Any CPU
		{664B45D3-B99D-84A7-043B-D69DA77722DC}.Release|x64.Build.0 = Release|Any CPU
		{664B45D3-B99D-84A7-043B-D69DA77722DC}.Release|x86.ActiveCfg = Release|Any CPU
		{664B45D3-B99D-84A7-043B-D69DA77722DC}.Release|x86.Build.0 = Release|Any CPU
		{45C74D51-C830-B4A1-20FD-EF7A7A374B90}.Debug|Any CPU.ActiveCfg = Debug|Any CPU
		{45C74D51-C830-B4A1-20FD-EF7A7A374B90}.Debug|Any CPU.Build.0 = Debug|Any CPU
		{45C74D51-C830-B4A1-20FD-EF7A7A374B90}.Debug|x64.ActiveCfg = Debug|Any CPU
		{45C74D51-C830-B4A1-20FD-EF7A7A374B90}.Debug|x64.Build.0 = Debug|Any CPU
		{45C74D51-C830-B4A1-20FD-EF7A7A374B90}.Debug|x86.ActiveCfg = Debug|Any CPU
		{45C74D51-C830-B4A1-20FD-EF7A7A374B90}.Debug|x86.Build.0 = Debug|Any CPU
		{45C74D51-C830-B4A1-20FD-EF7A7A374B90}.Release|Any CPU.ActiveCfg = Release|Any CPU
		{45C74D51-C830-B4A1-20FD-EF7A7A374B90}.Release|Any CPU.Build.0 = Release|Any CPU
		{45C74D51-C830-B4A1-20FD-EF7A7A374B90}.Release|x64.ActiveCfg = Release|Any CPU
		{45C74D51-C830-B4A1-20FD-EF7A7A374B90}.Release|x64.Build.0 = Release|Any CPU
		{45C74D51-C830-B4A1-20FD-EF7A7A374B90}.Release|x86.ActiveCfg = Release|Any CPU
		{45C74D51-C830-B4A1-20FD-EF7A7A374B90}.Release|x86.Build.0 = Release|Any CPU
		{9AC1083C-BA79-9F5F-3268-AEA49BCC0921}.Debug|Any CPU.ActiveCfg = Debug|Any CPU
		{9AC1083C-BA79-9F5F-3268-AEA49BCC0921}.Debug|Any CPU.Build.0 = Debug|Any CPU
		{9AC1083C-BA79-9F5F-3268-AEA49BCC0921}.Debug|x64.ActiveCfg = Debug|Any CPU
		{9AC1083C-BA79-9F5F-3268-AEA49BCC0921}.Debug|x64.Build.0 = Debug|Any CPU
		{9AC1083C-BA79-9F5F-3268-AEA49BCC0921}.Debug|x86.ActiveCfg = Debug|Any CPU
		{9AC1083C-BA79-9F5F-3268-AEA49BCC0921}.Debug|x86.Build.0 = Debug|Any CPU
		{9AC1083C-BA79-9F5F-3268-AEA49BCC0921}.Release|Any CPU.ActiveCfg = Release|Any CPU
		{9AC1083C-BA79-9F5F-3268-AEA49BCC0921}.Release|Any CPU.Build.0 = Release|Any CPU
		{9AC1083C-BA79-9F5F-3268-AEA49BCC0921}.Release|x64.ActiveCfg = Release|Any CPU
		{9AC1083C-BA79-9F5F-3268-AEA49BCC0921}.Release|x64.Build.0 = Release|Any CPU
		{9AC1083C-BA79-9F5F-3268-AEA49BCC0921}.Release|x86.ActiveCfg = Release|Any CPU
		{9AC1083C-BA79-9F5F-3268-AEA49BCC0921}.Release|x86.Build.0 = Release|Any CPU
		{BADF197F-9B73-615B-F33B-FB0C7506C043}.Debug|Any CPU.ActiveCfg = Debug|Any CPU
		{BADF197F-9B73-615B-F33B-FB0C7506C043}.Debug|Any CPU.Build.0 = Debug|Any CPU
		{BADF197F-9B73-615B-F33B-FB0C7506C043}.Debug|x64.ActiveCfg = Debug|Any CPU
		{BADF197F-9B73-615B-F33B-FB0C7506C043}.Debug|x64.Build.0 = Debug|Any CPU
		{BADF197F-9B73-615B-F33B-FB0C7506C043}.Debug|x86.ActiveCfg = Debug|Any CPU
		{BADF197F-9B73-615B-F33B-FB0C7506C043}.Debug|x86.Build.0 = Debug|Any CPU
		{BADF197F-9B73-615B-F33B-FB0C7506C043}.Release|Any CPU.ActiveCfg = Release|Any CPU
		{BADF197F-9B73-615B-F33B-FB0C7506C043}.Release|Any CPU.Build.0 = Release|Any CPU
		{BADF197F-9B73-615B-F33B-FB0C7506C043}.Release|x64.ActiveCfg = Release|Any CPU
		{BADF197F-9B73-615B-F33B-FB0C7506C043}.Release|x64.Build.0 = Release|Any CPU
		{BADF197F-9B73-615B-F33B-FB0C7506C043}.Release|x86.ActiveCfg = Release|Any CPU
		{BADF197F-9B73-615B-F33B-FB0C7506C043}.Release|x86.Build.0 = Release|Any CPU
		{D8F4A1B2-3C7D-4E5F-6A9B-7C8D9E0F1A2B}.Debug|Any CPU.ActiveCfg = Debug|Any CPU
		{D8F4A1B2-3C7D-4E5F-6A9B-7C8D9E0F1A2B}.Debug|Any CPU.Build.0 = Debug|Any CPU
		{D8F4A1B2-3C7D-4E5F-6A9B-7C8D9E0F1A2B}.Debug|x64.ActiveCfg = Debug|Any CPU
		{D8F4A1B2-3C7D-4E5F-6A9B-7C8D9E0F1A2B}.Debug|x64.Build.0 = Debug|Any CPU
		{D8F4A1B2-3C7D-4E5F-6A9B-7C8D9E0F1A2B}.Debug|x86.ActiveCfg = Debug|Any CPU
		{D8F4A1B2-3C7D-4E5F-6A9B-7C8D9E0F1A2B}.Debug|x86.Build.0 = Debug|Any CPU
		{D8F4A1B2-3C7D-4E5F-6A9B-7C8D9E0F1A2B}.Release|Any CPU.ActiveCfg = Release|Any CPU
		{D8F4A1B2-3C7D-4E5F-6A9B-7C8D9E0F1A2B}.Release|Any CPU.Build.0 = Release|Any CPU
		{D8F4A1B2-3C7D-4E5F-6A9B-7C8D9E0F1A2B}.Release|x64.ActiveCfg = Release|Any CPU
		{D8F4A1B2-3C7D-4E5F-6A9B-7C8D9E0F1A2B}.Release|x64.Build.0 = Release|Any CPU
		{D8F4A1B2-3C7D-4E5F-6A9B-7C8D9E0F1A2B}.Release|x86.ActiveCfg = Release|x86
		{D8F4A1B2-3C7D-4E5F-6A9B-7C8D9E0F1A2B}.Release|x86.Build.0 = Release|x86
		{0122BF3E-D5C0-44B1-BD5F-A7F12488442F}.Debug|Any CPU.ActiveCfg = Debug|Any CPU
		{0122BF3E-D5C0-44B1-BD5F-A7F12488442F}.Debug|Any CPU.Build.0 = Debug|Any CPU
		{0122BF3E-D5C0-44B1-BD5F-A7F12488442F}.Debug|x64.ActiveCfg = Debug|Any CPU
		{0122BF3E-D5C0-44B1-BD5F-A7F12488442F}.Debug|x64.Build.0 = Debug|Any CPU
		{0122BF3E-D5C0-44B1-BD5F-A7F12488442F}.Debug|x86.ActiveCfg = Debug|Any CPU
		{0122BF3E-D5C0-44B1-BD5F-A7F12488442F}.Debug|x86.Build.0 = Debug|Any CPU
		{0122BF3E-D5C0-44B1-BD5F-A7F12488442F}.Release|Any CPU.ActiveCfg = Release|Any CPU
		{0122BF3E-D5C0-44B1-BD5F-A7F12488442F}.Release|Any CPU.Build.0 = Release|Any CPU
		{0122BF3E-D5C0-44B1-BD5F-A7F12488442F}.Release|x64.ActiveCfg = Release|Any CPU
		{0122BF3E-D5C0-44B1-BD5F-A7F12488442F}.Release|x64.Build.0 = Release|Any CPU
		{0122BF3E-D5C0-44B1-BD5F-A7F12488442F}.Release|x86.ActiveCfg = Release|Any CPU
		{0122BF3E-D5C0-44B1-BD5F-A7F12488442F}.Release|x86.Build.0 = Release|Any CPU
		{F9A19FFC-41A1-4BB5-9C67-2B9F83803015}.Debug|Any CPU.ActiveCfg = Debug|Any CPU
		{F9A19FFC-41A1-4BB5-9C67-2B9F83803015}.Debug|Any CPU.Build.0 = Debug|Any CPU
		{F9A19FFC-41A1-4BB5-9C67-2B9F83803015}.Debug|x64.ActiveCfg = Debug|Any CPU
		{F9A19FFC-41A1-4BB5-9C67-2B9F83803015}.Debug|x64.Build.0 = Debug|Any CPU
		{F9A19FFC-41A1-4BB5-9C67-2B9F83803015}.Debug|x86.ActiveCfg = Debug|Any CPU
		{F9A19FFC-41A1-4BB5-9C67-2B9F83803015}.Debug|x86.Build.0 = Debug|Any CPU
		{F9A19FFC-41A1-4BB5-9C67-2B9F83803015}.Release|Any CPU.ActiveCfg = Release|Any CPU
		{F9A19FFC-41A1-4BB5-9C67-2B9F83803015}.Release|Any CPU.Build.0 = Release|Any CPU
		{F9A19FFC-41A1-4BB5-9C67-2B9F83803015}.Release|x64.ActiveCfg = Release|Any CPU
		{F9A19FFC-41A1-4BB5-9C67-2B9F83803015}.Release|x64.Build.0 = Release|Any CPU
		{F9A19FFC-41A1-4BB5-9C67-2B9F83803015}.Release|x86.ActiveCfg = Release|Any CPU
		{F9A19FFC-41A1-4BB5-9C67-2B9F83803015}.Release|x86.Build.0 = Release|Any CPU
		{7C4240DB-2B93-460E-A6A4-4F7623936840}.Debug|Any CPU.ActiveCfg = Debug|Any CPU
		{7C4240DB-2B93-460E-A6A4-4F7623936840}.Debug|Any CPU.Build.0 = Debug|Any CPU
		{7C4240DB-2B93-460E-A6A4-4F7623936840}.Debug|x64.ActiveCfg = Debug|Any CPU
		{7C4240DB-2B93-460E-A6A4-4F7623936840}.Debug|x64.Build.0 = Debug|Any CPU
		{7C4240DB-2B93-460E-A6A4-4F7623936840}.Debug|x86.ActiveCfg = Debug|Any CPU
		{7C4240DB-2B93-460E-A6A4-4F7623936840}.Debug|x86.Build.0 = Debug|Any CPU
		{7C4240DB-2B93-460E-A6A4-4F7623936840}.Release|Any CPU.ActiveCfg = Release|Any CPU
		{7C4240DB-2B93-460E-A6A4-4F7623936840}.Release|Any CPU.Build.0 = Release|Any CPU
		{7C4240DB-2B93-460E-A6A4-4F7623936840}.Release|x64.ActiveCfg = Release|Any CPU
		{7C4240DB-2B93-460E-A6A4-4F7623936840}.Release|x64.Build.0 = Release|Any CPU
		{7C4240DB-2B93-460E-A6A4-4F7623936840}.Release|x86.ActiveCfg = Release|Any CPU
		{7C4240DB-2B93-460E-A6A4-4F7623936840}.Release|x86.Build.0 = Release|Any CPU
	EndGlobalSection
	GlobalSection(SolutionProperties) = preSolution
		HideSolutionNode = FALSE
	EndGlobalSection
	GlobalSection(NestedProjects) = preSolution
		{EEE141F8-BB88-77BF-EA7E-96A46E2EA437} = {C6B30BB3-0425-D0E4-39CC-0D5A28039110}
		{0122BF3E-D5C0-44B1-BD5F-A7F12488442F} = {EEE141F8-BB88-77BF-EA7E-96A46E2EA437}
		{0030AB99-D9C9-803A-7CCD-0D7BAF450801} = {C6B30BB3-0425-D0E4-39CC-0D5A28039110}
		{F9A19FFC-41A1-4BB5-9C67-2B9F83803015} = {0030AB99-D9C9-803A-7CCD-0D7BAF450801}
		{954F10A7-94A5-37AA-0047-A66FF084C121} = {C6B30BB3-0425-D0E4-39CC-0D5A28039110}
		{7C4240DB-2B93-460E-A6A4-4F7623936840} = {954F10A7-94A5-37AA-0047-A66FF084C121}
	EndGlobalSection
	GlobalSection(ExtensibilityGlobals) = postSolution
		SolutionGuid = {D193A7AC-6891-4BD5-8F3B-4AC924D55696}
	EndGlobalSection
EndGlobal
