
Microsoft Visual Studio Solution File, Format Version 12.00
# Visual Studio Version 17
VisualStudioVersion = 17.5.2.0
MinimumVisualStudioVersion = 10.0.40219.1
Project("{FAE04EC0-301F-11D3-BF4B-00C04F79EFBC}") = "ApexBooking.Core.Application", "ApexBooking.Core.Application\ApexBooking.Core.Application.csproj", "{664B45D3-B99D-84A7-043B-D69DA77722DC}"
EndProject
Project("{FAE04EC0-301F-11D3-BF4B-00C04F79EFBC}") = "ApexBooking.Core.Domain", "ApexBooking.Core.Domain\ApexBooking.Core.Domain.csproj", "{45C74D51-C830-B4A1-20FD-EF7A7A374B90}"
EndProject
Project("{FAE04EC0-301F-11D3-BF4B-00C04F79EFBC}") = "ApexBooking.Core.Persistence", "ApexBooking.Core.Persistence\ApexBooking.Core.Persistence.csproj", "{9AC1083C-BA79-9F5F-3268-AEA49BCC0921}"
EndProject
Project("{FAE04EC0-301F-11D3-BF4B-00C04F79EFBC}") = "ApexBooking.SharedKernel", "Framework.Core\SharedKernel\ApexBooking.SharedKernel\ApexBooking.SharedKernel.csproj", "{6FE3B011-A1F1-F54E-65B0-11DF7BE64A68}"
EndProject
Project("{FAE04EC0-301F-11D3-BF4B-00C04F79EFBC}") = "ApexBooking.WebApi", "ApexBooking.WebApi\ApexBooking.WebApi.csproj", "{BADF197F-9B73-615B-F33B-FB0C7506C043}"
EndProject
Project("{FAE04EC0-301F-11D3-BF4B-00C04F79EFBC}") = "ApexBooking.GenericRepository.EntityFramework", "Framework.Core\GenericRepositoryEntityFramework\ApexBooking.GenericRepository.EntityFramework\ApexBooking.GenericRepository.EntityFramework.csproj", "{CFC179E8-0545-4C2A-B99B-CBAD4EF3259C}"
EndProject
Project("{FAE04EC0-301F-11D3-BF4B-00C04F79EFBC}") = "ApexBooking.GenericRepository.Abstractions", "Framework.Core\GenericRepository\ApexBooking.GenericRepository.Abstractions\ApexBooking.GenericRepository.Abstractions.csproj", "{A238CEE7-797C-4FE9-9D13-352FC26629E0}"
EndProject
Project("{FAE04EC0-301F-11D3-BF4B-00C04F79EFBC}") = "ApexBooking.Infrastructure", "ApexBooking.Infrastructure\ApexBooking.Infrastructure.csproj", "{D8F4A1B2-3C7D-4E5F-6A9B-7C8D9E0F1A2B}"
EndProject
Global
	GlobalSection(SolutionConfigurationPlatforms) = preSolution
		Debug|Any CPU = Debug|Any CPU
		Debug|x64 = Debug|x64
		Debug|x86 = Debug|x86
		Release|Any CPU = Release|Any CPU
		Release|x64 = Release|x64
		Release|x86 = Release|x86
	EndGlobalSection
	GlobalSection(ProjectConfigurationPlatforms) = postSolution
		{664B45D3-B99D-84A7-043B-D69DA77722DC}.Debug|Any CPU.ActiveCfg = Debug|Any CPU
		{664B45D3-B99D-84A7-043B-D69DA77722DC}.Debug|Any CPU.Build.0 = Debug|Any CPU
		{664B45D3-B99D-84A7-043B-D69DA77722DC}.Debug|x64.ActiveCfg = Debug|Any CPU
		{664B45D3-B99D-84A7-043B-D69DA77722DC}.Debug|x64.Build.0 = Debug|Any CPU
		{664B45D3-B99D-84A7-043B-D69DA77722DC}.Debug|x86.ActiveCfg = Debug|Any CPU
		{664B45D3-B99D-84A7-043B-D69DA77722DC}.Debug|x86.Build.0 = Debug|Any CPU
		{664B45D3-B99D-84A7-043B-D69DA77722DC}.Release|Any CPU.ActiveCfg = Release|Any CPU
		{664B45D3-B99D-84A7-043B-D69DA77722DC}.Release|Any CPU.Build.0 = Release|Any CPU
		{664B45D3-B99D-84A7-043B-D69DA77722DC}.Release|x64.ActiveCfg = Release|Any CPU
		{664B45D3-B99D-84A7-043B-D69DA77722DC}.Release|x64.Build.0 = Release|Any CPU
		{664B45D3-B99D-84A7-043B-D69DA77722DC}.Release|x86.ActiveCfg = Release|Any CPU
		{664B45D3-B99D-84A7-043B-D69DA77722DC}.Release|x86.Build.0 = Release|Any CPU
		{45C74D51-C830-B4A1-20FD-EF7A7A374B90}.Debug|Any CPU.ActiveCfg = Debug|Any CPU
		{45C74D51-C830-B4A1-20FD-EF7A7A374B90}.Debug|Any CPU.Build.0 = Debug|Any CPU
		{45C74D51-C830-B4A1-20FD-EF7A7A374B90}.Debug|x64.ActiveCfg = Debug|Any CPU
		{45C74D51-C830-B4A1-20FD-EF7A7A374B90}.Debug|x64.Build.0 = Debug|Any CPU
		{45C74D51-C830-B4A1-20FD-EF7A7A374B90}.Debug|x86.ActiveCfg = Debug|Any CPU
		{45C74D51-C830-B4A1-20FD-EF7A7A374B90}.Debug|x86.Build.0 = Debug|Any CPU
		{45C74D51-C830-B4A1-20FD-EF7A7A374B90}.Release|Any CPU.ActiveCfg = Release|Any CPU
		{45C74D51-C830-B4A1-20FD-EF7A7A374B90}.Release|Any CPU.Build.0 = Release|Any CPU
		{45C74D51-C830-B4A1-20FD-EF7A7A374B90}.Release|x64.ActiveCfg = Release|Any CPU
		{45C74D51-C830-B4A1-20FD-EF7A7A374B90}.Release|x64.Build.0 = Release|Any CPU
		{45C74D51-C830-B4A1-20FD-EF7A7A374B90}.Release|x86.ActiveCfg = Release|Any CPU
		{45C74D51-C830-B4A1-20FD-EF7A7A374B90}.Release|x86.Build.0 = Release|Any CPU
		{9AC1083C-BA79-9F5F-3268-AEA49BCC0921}.Debug|Any CPU.ActiveCfg = Debug|Any CPU
		{9AC1083C-BA79-9F5F-3268-AEA49BCC0921}.Debug|Any CPU.Build.0 = Debug|Any CPU
		{9AC1083C-BA79-9F5F-3268-AEA49BCC0921}.Debug|x64.ActiveCfg = Debug|Any CPU
		{9AC1083C-BA79-9F5F-3268-AEA49BCC0921}.Debug|x64.Build.0 = Debug|Any CPU
		{9AC1083C-BA79-9F5F-3268-AEA49BCC0921}.Debug|x86.ActiveCfg = Debug|Any CPU
		{9AC1083C-BA79-9F5F-3268-AEA49BCC0921}.Debug|x86.Build.0 = Debug|Any CPU
		{9AC1083C-BA79-9F5F-3268-AEA49BCC0921}.Release|Any CPU.ActiveCfg = Release|Any CPU
		{9AC1083C-BA79-9F5F-3268-AEA49BCC0921}.Release|Any CPU.Build.0 = Release|Any CPU
		{9AC1083C-BA79-9F5F-3268-AEA49BCC0921}.Release|x64.ActiveCfg = Release|Any CPU
		{9AC1083C-BA79-9F5F-3268-AEA49BCC0921}.Release|x64.Build.0 = Release|Any CPU
		{9AC1083C-BA79-9F5F-3268-AEA49BCC0921}.Release|x86.ActiveCfg = Release|Any CPU
		{9AC1083C-BA79-9F5F-3268-AEA49BCC0921}.Release|x86.Build.0 = Release|Any CPU
		{6FE3B011-A1F1-F54E-65B0-11DF7BE64A68}.Debug|Any CPU.ActiveCfg = Debug|Any CPU
		{6FE3B011-A1F1-F54E-65B0-11DF7BE64A68}.Debug|Any CPU.Build.0 = Debug|Any CPU
		{6FE3B011-A1F1-F54E-65B0-11DF7BE64A68}.Debug|x64.ActiveCfg = Debug|Any CPU
		{6FE3B011-A1F1-F54E-65B0-11DF7BE64A68}.Debug|x64.Build.0 = Debug|Any CPU
		{6FE3B011-A1F1-F54E-65B0-11DF7BE64A68}.Debug|x86.ActiveCfg = Debug|Any CPU
		{6FE3B011-A1F1-F54E-65B0-11DF7BE64A68}.Debug|x86.Build.0 = Debug|Any CPU
		{6FE3B011-A1F1-F54E-65B0-11DF7BE64A68}.Release|Any CPU.ActiveCfg = Release|Any CPU
		{6FE3B011-A1F1-F54E-65B0-11DF7BE64A68}.Release|Any CPU.Build.0 = Release|Any CPU
		{6FE3B011-A1F1-F54E-65B0-11DF7BE64A68}.Release|x64.ActiveCfg = Release|Any CPU
		{6FE3B011-A1F1-F54E-65B0-11DF7BE64A68}.Release|x64.Build.0 = Release|Any CPU
		{6FE3B011-A1F1-F54E-65B0-11DF7BE64A68}.Release|x86.ActiveCfg = Release|Any CPU
		{6FE3B011-A1F1-F54E-65B0-11DF7BE64A68}.Release|x86.Build.0 = Release|Any CPU
		{BADF197F-9B73-615B-F33B-FB0C7506C043}.Debug|Any CPU.ActiveCfg = Debug|Any CPU
		{BADF197F-9B73-615B-F33B-FB0C7506C043}.Debug|Any CPU.Build.0 = Debug|Any CPU
		{BADF197F-9B73-615B-F33B-FB0C7506C043}.Debug|x64.ActiveCfg = Debug|Any CPU
		{BADF197F-9B73-615B-F33B-FB0C7506C043}.Debug|x64.Build.0 = Debug|Any CPU
		{BADF197F-9B73-615B-F33B-FB0C7506C043}.Debug|x86.ActiveCfg = Debug|Any CPU
		{BADF197F-9B73-615B-F33B-FB0C7506C043}.Debug|x86.Build.0 = Debug|Any CPU
		{BADF197F-9B73-615B-F33B-FB0C7506C043}.Release|Any CPU.ActiveCfg = Release|Any CPU
		{BADF197F-9B73-615B-F33B-FB0C7506C043}.Release|Any CPU.Build.0 = Release|Any CPU
		{BADF197F-9B73-615B-F33B-FB0C7506C043}.Release|x64.ActiveCfg = Release|Any CPU
		{BADF197F-9B73-615B-F33B-FB0C7506C043}.Release|x64.Build.0 = Release|Any CPU
		{BADF197F-9B73-615B-F33B-FB0C7506C043}.Release|x86.ActiveCfg = Release|Any CPU
		{BADF197F-9B73-615B-F33B-FB0C7506C043}.Release|x86.Build.0 = Release|Any CPU
		{CFC179E8-0545-4C2A-B99B-CBAD4EF3259C}.Debug|Any CPU.ActiveCfg = Debug|Any CPU
		{CFC179E8-0545-4C2A-B99B-CBAD4EF3259C}.Debug|Any CPU.Build.0 = Debug|Any CPU
		{CFC179E8-0545-4C2A-B99B-CBAD4EF3259C}.Debug|x64.ActiveCfg = Debug|Any CPU
		{CFC179E8-0545-4C2A-B99B-CBAD4EF3259C}.Debug|x64.Build.0 = Debug|Any CPU
		{CFC179E8-0545-4C2A-B99B-CBAD4EF3259C}.Debug|x86.ActiveCfg = Debug|Any CPU
		{CFC179E8-0545-4C2A-B99B-CBAD4EF3259C}.Debug|x86.Build.0 = Debug|Any CPU
		{CFC179E8-0545-4C2A-B99B-CBAD4EF3259C}.Release|Any CPU.ActiveCfg = Release|Any CPU
		{CFC179E8-0545-4C2A-B99B-CBAD4EF3259C}.Release|Any CPU.Build.0 = Release|Any CPU
		{CFC179E8-0545-4C2A-B99B-CBAD4EF3259C}.Release|x64.ActiveCfg = Release|Any CPU
		{CFC179E8-0545-4C2A-B99B-CBAD4EF3259C}.Release|x64.Build.0 = Release|Any CPU
		{CFC179E8-0545-4C2A-B99B-CBAD4EF3259C}.Release|x86.ActiveCfg = Release|Any CPU
		{CFC179E8-0545-4C2A-B99B-CBAD4EF3259C}.Release|x86.Build.0 = Release|Any CPU
		{A238CEE7-797C-4FE9-9D13-352FC26629E0}.Debug|Any CPU.ActiveCfg = Debug|Any CPU
		{A238CEE7-797C-4FE9-9D13-352FC26629E0}.Debug|Any CPU.Build.0 = Debug|Any CPU
		{A238CEE7-797C-4FE9-9D13-352FC26629E0}.Debug|x64.ActiveCfg = Debug|Any CPU
		{A238CEE7-797C-4FE9-9D13-352FC26629E0}.Debug|x64.Build.0 = Debug|Any CPU
		{A238CEE7-797C-4FE9-9D13-352FC26629E0}.Debug|x86.ActiveCfg = Debug|Any CPU
		{A238CEE7-797C-4FE9-9D13-352FC26629E0}.Debug|x86.Build.0 = Debug|Any CPU
		{A238CEE7-797C-4FE9-9D13-352FC26629E0}.Release|Any CPU.ActiveCfg = Release|Any CPU
		{A238CEE7-797C-4FE9-9D13-352FC26629E0}.Release|Any CPU.Build.0 = Release|Any CPU
		{A238CEE7-797C-4FE9-9D13-352FC26629E0}.Release|x64.ActiveCfg = Release|Any CPU
		{A238CEE7-797C-4FE9-9D13-352FC26629E0}.Release|x64.Build.0 = Release|Any CPU
		{A238CEE7-797C-4FE9-9D13-352FC26629E0}.Release|x86.ActiveCfg = Release|x86
		{A238CEE7-797C-4FE9-9D13-352FC26629E0}.Release|x86.Build.0 = Release|x86
		{D8F4A1B2-3C7D-4E5F-6A9B-7C8D9E0F1A2B}.Debug|Any CPU.ActiveCfg = Debug|Any CPU
		{D8F4A1B2-3C7D-4E5F-6A9B-7C8D9E0F1A2B}.Debug|Any CPU.Build.0 = Debug|Any CPU
		{D8F4A1B2-3C7D-4E5F-6A9B-7C8D9E0F1A2B}.Debug|x64.ActiveCfg = Debug|Any CPU
		{D8F4A1B2-3C7D-4E5F-6A9B-7C8D9E0F1A2B}.Debug|x64.Build.0 = Debug|Any CPU
		{D8F4A1B2-3C7D-4E5F-6A9B-7C8D9E0F1A2B}.Debug|x86.ActiveCfg = Debug|Any CPU
		{D8F4A1B2-3C7D-4E5F-6A9B-7C8D9E0F1A2B}.Debug|x86.Build.0 = Debug|Any CPU
		{D8F4A1B2-3C7D-4E5F-6A9B-7C8D9E0F1A2B}.Release|Any CPU.ActiveCfg = Release|Any CPU
		{D8F4A1B2-3C7D-4E5F-6A9B-7C8D9E0F1A2B}.Release|Any CPU.Build.0 = Release|Any CPU
		{D8F4A1B2-3C7D-4E5F-6A9B-7C8D9E0F1A2B}.Release|x64.ActiveCfg = Release|Any CPU
		{D8F4A1B2-3C7D-4E5F-6A9B-7C8D9E0F1A2B}.Release|x64.Build.0 = Release|Any CPU
		{D8F4A1B2-3C7D-4E5F-6A9B-7C8D9E0F1A2B}.Release|x86.ActiveCfg = Release|x86
		{D8F4A1B2-3C7D-4E5F-6A9B-7C8D9E0F1A2B}.Release|x86.Build.0 = Release|x86
	EndGlobalSection
	GlobalSection(SolutionProperties) = preSolution
		HideSolutionNode = FALSE
	EndGlobalSection
	GlobalSection(ExtensibilityGlobals) = postSolution
		SolutionGuid = {D193A7AC-6891-4BD5-8F3B-4AC924D55696}
	EndGlobalSection
EndGlobal
